
Microsoft Visual Studio Solution File, Format Version 12.00
# Visual Studio Version 17
VisualStudioVersion = 17.3.32901.215
MinimumVisualStudioVersion = 10.0.40219.1
Project("{FAE04EC0-301F-11D3-BF4B-00C04F79EFBC}") = "NET6_AspectCore_Demo", "NET6_AspectCore_Demo\NET6_AspectCore_Demo.csproj", "{F2A82C98-673A-4A98-8FD5-3B473DCFBD0E}"
EndProject
Global
	GlobalSection(SolutionConfigurationPlatforms) = preSolution
		Debug|Any CPU = Debug|Any CPU
		Release|Any CPU = Release|Any CPU
	EndGlobalSection
	GlobalSection(ProjectConfigurationPlatforms) = postSolution
		{F2A82C98-673A-4A98-8FD5-3B473DCFBD0E}.Debug|Any CPU.ActiveCfg = Debug|Any CPU
		{F2A82C98-673A-4A98-8FD5-3B473DCFBD0E}.Debug|Any CPU.Build.0 = Debug|Any CPU
		{F2A82C98-673A-4A98-8FD5-3B473DCFBD0E}.Release|Any CPU.ActiveCfg = Release|Any CPU
		{F2A82C98-673A-4A98-8FD5-3B473DCFBD0E}.Release|Any CPU.Build.0 = Release|Any CPU
	EndGlobalSection
	GlobalSection(SolutionProperties) = preSolution
		HideSolutionNode = FALSE
	EndGlobalSection
	GlobalSection(ExtensibilityGlobals) = postSolution
		SolutionGuid = {BCBE4147-B28F-48C0-8B62-989F397C31A6}
	EndGlobalSection
EndGlobal
